// !$*UTF8*$!
{
	archiveVersion = 1;
	classes = {
	};
	objectVersion = 46;
	objects = {

/* Begin PBXBuildFile section */
		7CC36BCE193520DB00C63F11 /* Foundation.framework in Frameworks */ = {isa = PBXBuildFile; fileRef = 7CC36BCD193520DB00C63F11 /* Foundation.framework */; };
		7CC36BD0193520DB00C63F11 /* CoreGraphics.framework in Frameworks */ = {isa = PBXBuildFile; fileRef = 7CC36BCF193520DB00C63F11 /* CoreGraphics.framework */; };
		7CC36BD2193520DB00C63F11 /* UIKit.framework in Frameworks */ = {isa = PBXBuildFile; fileRef = 7CC36BD1193520DB00C63F11 /* UIKit.framework */; };
		7CC36BD8193520DB00C63F11 /* InfoPlist.strings in Resources */ = {isa = PBXBuildFile; fileRef = 7CC36BD6193520DB00C63F11 /* InfoPlist.strings */; };
		7CC36BDA193520DB00C63F11 /* main.m in Sources */ = {isa = PBXBuildFile; fileRef = 7CC36BD9193520DB00C63F11 /* main.m */; };
		7CC36BDE193520DB00C63F11 /* PAppDelegate.m in Sources */ = {isa = PBXBuildFile; fileRef = 7CC36BDD193520DB00C63F11 /* PAppDelegate.m */; };
		7CC36BE0193520DB00C63F11 /* Images.xcassets in Resources */ = {isa = PBXBuildFile; fileRef = 7CC36BDF193520DB00C63F11 /* Images.xcassets */; };
		7CC36BE7193520DB00C63F11 /* XCTest.framework in Frameworks */ = {isa = PBXBuildFile; fileRef = 7CC36BE6193520DB00C63F11 /* XCTest.framework */; };
		7CC36BE8193520DB00C63F11 /* Foundation.framework in Frameworks */ = {isa = PBXBuildFile; fileRef = 7CC36BCD193520DB00C63F11 /* Foundation.framework */; };
		7CC36BE9193520DB00C63F11 /* UIKit.framework in Frameworks */ = {isa = PBXBuildFile; fileRef = 7CC36BD1193520DB00C63F11 /* UIKit.framework */; };
		7CC36BF1193520DB00C63F11 /* InfoPlist.strings in Resources */ = {isa = PBXBuildFile; fileRef = 7CC36BEF193520DB00C63F11 /* InfoPlist.strings */; };
		7CC36BF3193520DB00C63F11 /* PresentAPIClientTests.m in Sources */ = {isa = PBXBuildFile; fileRef = 7CC36BF2193520DB00C63F11 /* PresentAPIClientTests.m */; };
/* End PBXBuildFile section */

/* Begin PBXContainerItemProxy section */
		7CC36BEA193520DB00C63F11 /* PBXContainerItemProxy */ = {
			isa = PBXContainerItemProxy;
			containerPortal = 7CC36BC2193520DB00C63F11 /* Project object */;
			proxyType = 1;
			remoteGlobalIDString = 7CC36BC9193520DB00C63F11;
			remoteInfo = PresentAPIClient;
		};
/* End PBXContainerItemProxy section */

/* Begin PBXFileReference section */
		7CC36BCA193520DB00C63F11 /* PresentAPIClient.app */ = {isa = PBXFileReference; explicitFileType = wrapper.application; includeInIndex = 0; path = PresentAPIClient.app; sourceTree = BUILT_PRODUCTS_DIR; };
		7CC36BCD193520DB00C63F11 /* Foundation.framework */ = {isa = PBXFileReference; lastKnownFileType = wrapper.framework; name = Foundation.framework; path = System/Library/Frameworks/Foundation.framework; sourceTree = SDKROOT; };
		7CC36BCF193520DB00C63F11 /* CoreGraphics.framework */ = {isa = PBXFileReference; lastKnownFileType = wrapper.framework; name = CoreGraphics.framework; path = System/Library/Frameworks/CoreGraphics.framework; sourceTree = SDKROOT; };
		7CC36BD1193520DB00C63F11 /* UIKit.framework */ = {isa = PBXFileReference; lastKnownFileType = wrapper.framework; name = UIKit.framework; path = System/Library/Frameworks/UIKit.framework; sourceTree = SDKROOT; };
		7CC36BD5193520DB00C63F11 /* PresentAPIClient-Info.plist */ = {isa = PBXFileReference; lastKnownFileType = text.plist.xml; path = "PresentAPIClient-Info.plist"; sourceTree = "<group>"; };
		7CC36BD7193520DB00C63F11 /* en */ = {isa = PBXFileReference; lastKnownFileType = text.plist.strings; name = en; path = en.lproj/InfoPlist.strings; sourceTree = "<group>"; };
		7CC36BD9193520DB00C63F11 /* main.m */ = {isa = PBXFileReference; lastKnownFileType = sourcecode.c.objc; path = main.m; sourceTree = "<group>"; };
		7CC36BDB193520DB00C63F11 /* PresentAPIClient-Prefix.pch */ = {isa = PBXFileReference; lastKnownFileType = sourcecode.c.h; path = "PresentAPIClient-Prefix.pch"; sourceTree = "<group>"; };
		7CC36BDC193520DB00C63F11 /* PAppDelegate.h */ = {isa = PBXFileReference; lastKnownFileType = sourcecode.c.h; path = PAppDelegate.h; sourceTree = "<group>"; };
		7CC36BDD193520DB00C63F11 /* PAppDelegate.m */ = {isa = PBXFileReference; lastKnownFileType = sourcecode.c.objc; path = PAppDelegate.m; sourceTree = "<group>"; };
		7CC36BDF193520DB00C63F11 /* Images.xcassets */ = {isa = PBXFileReference; lastKnownFileType = folder.assetcatalog; path = Images.xcassets; sourceTree = "<group>"; };
		7CC36BE5193520DB00C63F11 /* PresentAPIClientTests.xctest */ = {isa = PBXFileReference; explicitFileType = wrapper.cfbundle; includeInIndex = 0; path = PresentAPIClientTests.xctest; sourceTree = BUILT_PRODUCTS_DIR; };
		7CC36BE6193520DB00C63F11 /* XCTest.framework */ = {isa = PBXFileReference; lastKnownFileType = wrapper.framework; name = XCTest.framework; path = Library/Frameworks/XCTest.framework; sourceTree = DEVELOPER_DIR; };
		7CC36BEE193520DB00C63F11 /* PresentAPIClientTests-Info.plist */ = {isa = PBXFileReference; lastKnownFileType = text.plist.xml; path = "PresentAPIClientTests-Info.plist"; sourceTree = "<group>"; };
		7CC36BF0193520DB00C63F11 /* en */ = {isa = PBXFileReference; lastKnownFileType = text.plist.strings; name = en; path = en.lproj/InfoPlist.strings; sourceTree = "<group>"; };
		7CC36BF2193520DB00C63F11 /* PresentAPIClientTests.m */ = {isa = PBXFileReference; lastKnownFileType = sourcecode.c.objc; path = PresentAPIClientTests.m; sourceTree = "<group>"; };
/* End PBXFileReference section */

/* Begin PBXFrameworksBuildPhase section */
		7CC36BC7193520DB00C63F11 /* Frameworks */ = {
			isa = PBXFrameworksBuildPhase;
			buildActionMask = 2147483647;
			files = (
				7CC36BD0193520DB00C63F11 /* CoreGraphics.framework in Frameworks */,
				7CC36BD2193520DB00C63F11 /* UIKit.framework in Frameworks */,
				7CC36BCE193520DB00C63F11 /* Foundation.framework in Frameworks */,
			);
			runOnlyForDeploymentPostprocessing = 0;
		};
		7CC36BE2193520DB00C63F11 /* Frameworks */ = {
			isa = PBXFrameworksBuildPhase;
			buildActionMask = 2147483647;
			files = (
				7CC36BE7193520DB00C63F11 /* XCTest.framework in Frameworks */,
				7CC36BE9193520DB00C63F11 /* UIKit.framework in Frameworks */,
				7CC36BE8193520DB00C63F11 /* Foundation.framework in Frameworks */,
			);
			runOnlyForDeploymentPostprocessing = 0;
		};
/* End PBXFrameworksBuildPhase section */

/* Begin PBXGroup section */
		7CC36BC1193520DB00C63F11 = {
			isa = PBXGroup;
			children = (
				7CC36BD3193520DB00C63F11 /* PresentAPIClient */,
				7CC36BEC193520DB00C63F11 /* PresentAPIClientTests */,
				7CC36BCC193520DB00C63F11 /* Frameworks */,
				7CC36BCB193520DB00C63F11 /* Products */,
			);
			sourceTree = "<group>";
		};
		7CC36BCB193520DB00C63F11 /* Products */ = {
			isa = PBXGroup;
			children = (
				7CC36BCA193520DB00C63F11 /* PresentAPIClient.app */,
				7CC36BE5193520DB00C63F11 /* PresentAPIClientTests.xctest */,
			);
			name = Products;
			sourceTree = "<group>";
		};
		7CC36BCC193520DB00C63F11 /* Frameworks */ = {
			isa = PBXGroup;
			children = (
				7CC36BCD193520DB00C63F11 /* Foundation.framework */,
				7CC36BCF193520DB00C63F11 /* CoreGraphics.framework */,
				7CC36BD1193520DB00C63F11 /* UIKit.framework */,
				7CC36BE6193520DB00C63F11 /* XCTest.framework */,
			);
			name = Frameworks;
			sourceTree = "<group>";
		};
		7CC36BD3193520DB00C63F11 /* PresentAPIClient */ = {
			isa = PBXGroup;
			children = (
				7CC36BDC193520DB00C63F11 /* PAppDelegate.h */,
				7CC36BDD193520DB00C63F11 /* PAppDelegate.m */,
				7CC36BDF193520DB00C63F11 /* Images.xcassets */,
				7CC36BD4193520DB00C63F11 /* Supporting Files */,
			);
			path = PresentAPIClient;
			sourceTree = "<group>";
		};
		7CC36BD4193520DB00C63F11 /* Supporting Files */ = {
			isa = PBXGroup;
			children = (
				7CC36BD5193520DB00C63F11 /* PresentAPIClient-Info.plist */,
				7CC36BD6193520DB00C63F11 /* InfoPlist.strings */,
				7CC36BD9193520DB00C63F11 /* main.m */,
				7CC36BDB193520DB00C63F11 /* PresentAPIClient-Prefix.pch */,
			);
			name = "Supporting Files";
			sourceTree = "<group>";
		};
		7CC36BEC193520DB00C63F11 /* PresentAPIClientTests */ = {
			isa = PBXGroup;
			children = (
				7CC36BF2193520DB00C63F11 /* PresentAPIClientTests.m */,
				7CC36BED193520DB00C63F11 /* Supporting Files */,
			);
			path = PresentAPIClientTests;
			sourceTree = "<group>";
		};
		7CC36BED193520DB00C63F11 /* Supporting Files */ = {
			isa = PBXGroup;
			children = (
				7CC36BEE193520DB00C63F11 /* PresentAPIClientTests-Info.plist */,
				7CC36BEF193520DB00C63F11 /* InfoPlist.strings */,
			);
			name = "Supporting Files";
			sourceTree = "<group>";
		};
/* End PBXGroup section */

/* Begin PBXNativeTarget section */
		7CC36BC9193520DB00C63F11 /* PresentAPIClient */ = {
			isa = PBXNativeTarget;
			buildConfigurationList = 7CC36BF6193520DC00C63F11 /* Build configuration list for PBXNativeTarget "PresentAPIClient" */;
			buildPhases = (
				7CC36BC6193520DB00C63F11 /* Sources */,
				7CC36BC7193520DB00C63F11 /* Frameworks */,
				7CC36BC8193520DB00C63F11 /* Resources */,
			);
			buildRules = (
			);
			dependencies = (
			);
			name = PresentAPIClient;
			productName = PresentAPIClient;
			productReference = 7CC36BCA193520DB00C63F11 /* PresentAPIClient.app */;
			productType = "com.apple.product-type.application";
		};
		7CC36BE4193520DB00C63F11 /* PresentAPIClientTests */ = {
			isa = PBXNativeTarget;
			buildConfigurationList = 7CC36BF9193520DC00C63F11 /* Build configuration list for PBXNativeTarget "PresentAPIClientTests" */;
			buildPhases = (
				7CC36BE1193520DB00C63F11 /* Sources */,
				7CC36BE2193520DB00C63F11 /* Frameworks */,
				7CC36BE3193520DB00C63F11 /* Resources */,
			);
			buildRules = (
			);
			dependencies = (
				7CC36BEB193520DB00C63F11 /* PBXTargetDependency */,
			);
			name = PresentAPIClientTests;
			productName = PresentAPIClientTests;
			productReference = 7CC36BE5193520DB00C63F11 /* PresentAPIClientTests.xctest */;
			productType = "com.apple.product-type.bundle.unit-test";
		};
/* End PBXNativeTarget section */

/* Begin PBXProject section */
		7CC36BC2193520DB00C63F11 /* Project object */ = {
			isa = PBXProject;
			attributes = {
				CLASSPREFIX = P;
				LastUpgradeCheck = 0510;
				ORGANIZATIONNAME = "Present, Inc.";
				TargetAttributes = {
					7CC36BE4193520DB00C63F11 = {
						TestTargetID = 7CC36BC9193520DB00C63F11;
					};
				};
			};
			buildConfigurationList = 7CC36BC5193520DB00C63F11 /* Build configuration list for PBXProject "PresentAPIClient" */;
			compatibilityVersion = "Xcode 3.2";
			developmentRegion = English;
			hasScannedForEncodings = 0;
			knownRegions = (
				en,
			);
			mainGroup = 7CC36BC1193520DB00C63F11;
			productRefGroup = 7CC36BCB193520DB00C63F11 /* Products */;
			projectDirPath = "";
			projectRoot = "";
			targets = (
				7CC36BC9193520DB00C63F11 /* PresentAPIClient */,
				7CC36BE4193520DB00C63F11 /* PresentAPIClientTests */,
			);
		};
/* End PBXProject section */

/* Begin PBXResourcesBuildPhase section */
		7CC36BC8193520DB00C63F11 /* Resources */ = {
			isa = PBXResourcesBuildPhase;
			buildActionMask = 2147483647;
			files = (
				7CC36BD8193520DB00C63F11 /* InfoPlist.strings in Resources */,
				7CC36BE0193520DB00C63F11 /* Images.xcassets in Resources */,
			);
			runOnlyForDeploymentPostprocessing = 0;
		};
		7CC36BE3193520DB00C63F11 /* Resources */ = {
			isa = PBXResourcesBuildPhase;
			buildActionMask = 2147483647;
			files = (
				7CC36BF1193520DB00C63F11 /* InfoPlist.strings in Resources */,
			);
			runOnlyForDeploymentPostprocessing = 0;
		};
/* End PBXResourcesBuildPhase section */

/* Begin PBXSourcesBuildPhase section */
		7CC36BC6193520DB00C63F11 /* Sources */ = {
			isa = PBXSourcesBuildPhase;
			buildActionMask = 2147483647;
			files = (
				7CC36BDA193520DB00C63F11 /* main.m in Sources */,
				7CC36BDE193520DB00C63F11 /* PAppDelegate.m in Sources */,
			);
			runOnlyForDeploymentPostprocessing = 0;
		};
		7CC36BE1193520DB00C63F11 /* Sources */ = {
			isa = PBXSourcesBuildPhase;
			buildActionMask = 2147483647;
			files = (
				7CC36BF3193520DB00C63F11 /* PresentAPIClientTests.m in Sources */,
			);
			runOnlyForDeploymentPostprocessing = 0;
		};
/* End PBXSourcesBuildPhase section */

/* Begin PBXTargetDependency section */
		7CC36BEB193520DB00C63F11 /* PBXTargetDependency */ = {
			isa = PBXTargetDependency;
			target = 7CC36BC9193520DB00C63F11 /* PresentAPIClient */;
			targetProxy = 7CC36BEA193520DB00C63F11 /* PBXContainerItemProxy */;
		};
/* End PBXTargetDependency section */

/* Begin PBXVariantGroup section */
		7CC36BD6193520DB00C63F11 /* InfoPlist.strings */ = {
			isa = PBXVariantGroup;
			children = (
				7CC36BD7193520DB00C63F11 /* en */,
			);
			name = InfoPlist.strings;
			sourceTree = "<group>";
		};
		7CC36BEF193520DB00C63F11 /* InfoPlist.strings */ = {
			isa = PBXVariantGroup;
			children = (
				7CC36BF0193520DB00C63F11 /* en */,
			);
			name = InfoPlist.strings;
			sourceTree = "<group>";
		};
/* End PBXVariantGroup section */

/* Begin XCBuildConfiguration section */
		7CC36BF4193520DC00C63F11 /* Debug */ = {
			isa = XCBuildConfiguration;
			buildSettings = {
				ALWAYS_SEARCH_USER_PATHS = NO;
				CLANG_CXX_LANGUAGE_STANDARD = "gnu++0x";
				CLANG_CXX_LIBRARY = "libc++";
				CLANG_ENABLE_MODULES = YES;
				CLANG_ENABLE_OBJC_ARC = YES;
				CLANG_WARN_BOOL_CONVERSION = YES;
				CLANG_WARN_CONSTANT_CONVERSION = YES;
				CLANG_WARN_DIRECT_OBJC_ISA_USAGE = YES_ERROR;
				CLANG_WARN_EMPTY_BODY = YES;
				CLANG_WARN_ENUM_CONVERSION = YES;
				CLANG_WARN_INT_CONVERSION = YES;
				CLANG_WARN_OBJC_ROOT_CLASS = YES_ERROR;
				CLANG_WARN__DUPLICATE_METHOD_MATCH = YES;
				"CODE_SIGN_IDENTITY[sdk=iphoneos*]" = "iPhone Developer";
				COPY_PHASE_STRIP = NO;
				GCC_C_LANGUAGE_STANDARD = gnu99;
				GCC_DYNAMIC_NO_PIC = NO;
				GCC_OPTIMIZATION_LEVEL = 0;
				GCC_PREPROCESSOR_DEFINITIONS = (
					"DEBUG=1",
					"$(inherited)",
				);
				GCC_SYMBOLS_PRIVATE_EXTERN = NO;
				GCC_WARN_64_TO_32_BIT_CONVERSION = YES;
				GCC_WARN_ABOUT_RETURN_TYPE = YES_ERROR;
				GCC_WARN_UNDECLARED_SELECTOR = YES;
				GCC_WARN_UNINITIALIZED_AUTOS = YES_AGGRESSIVE;
				GCC_WARN_UNUSED_FUNCTION = YES;
				GCC_WARN_UNUSED_VARIABLE = YES;
				IPHONEOS_DEPLOYMENT_TARGET = 7.1;
				ONLY_ACTIVE_ARCH = YES;
				SDKROOT = iphoneos;
				TARGETED_DEVICE_FAMILY = "1,2";
			};
			name = Debug;
		};
		7CC36BF5193520DC00C63F11 /* Release */ = {
			isa = XCBuildConfiguration;
			buildSettings = {
				ALWAYS_SEARCH_USER_PATHS = NO;
				CLANG_CXX_LANGUAGE_STANDARD = "gnu++0x";
				CLANG_CXX_LIBRARY = "libc++";
				CLANG_ENABLE_MODULES = YES;
				CLANG_ENABLE_OBJC_ARC = YES;
				CLANG_WARN_BOOL_CONVERSION = YES;
				CLANG_WARN_CONSTANT_CONVERSION = YES;
				CLANG_WARN_DIRECT_OBJC_ISA_USAGE = YES_ERROR;
				CLANG_WARN_EMPTY_BODY = YES;
				CLANG_WARN_ENUM_CONVERSION = YES;
				CLANG_WARN_INT_CONVERSION = YES;
				CLANG_WARN_OBJC_ROOT_CLASS = YES_ERROR;
				CLANG_WARN__DUPLICATE_METHOD_MATCH = YES;
				"CODE_SIGN_IDENTITY[sdk=iphoneos*]" = "iPhone Developer";
				COPY_PHASE_STRIP = YES;
				ENABLE_NS_ASSERTIONS = NO;
				GCC_C_LANGUAGE_STANDARD = gnu99;
				GCC_WARN_64_TO_32_BIT_CONVERSION = YES;
				GCC_WARN_ABOUT_RETURN_TYPE = YES_ERROR;
				GCC_WARN_UNDECLARED_SELECTOR = YES;
				GCC_WARN_UNINITIALIZED_AUTOS = YES_AGGRESSIVE;
				GCC_WARN_UNUSED_FUNCTION = YES;
				GCC_WARN_UNUSED_VARIABLE = YES;
				IPHONEOS_DEPLOYMENT_TARGET = 7.1;
				SDKROOT = iphoneos;
				TARGETED_DEVICE_FAMILY = "1,2";
				VALIDATE_PRODUCT = YES;
			};
			name = Release;
		};
		7CC36BF7193520DC00C63F11 /* Debug */ = {
			isa = XCBuildConfiguration;
			buildSettings = {
				ASSETCATALOG_COMPILER_APPICON_NAME = AppIcon;
				ASSETCATALOG_COMPILER_LAUNCHIMAGE_NAME = LaunchImage;
				GCC_PRECOMPILE_PREFIX_HEADER = YES;
				GCC_PREFIX_HEADER = "PresentAPIClient/PresentAPIClient-Prefix.pch";
				INFOPLIST_FILE = "PresentAPIClient/PresentAPIClient-Info.plist";
				PRODUCT_NAME = "$(TARGET_NAME)";
				WRAPPER_EXTENSION = app;
			};
			name = Debug;
		};
		7CC36BF8193520DC00C63F11 /* Release */ = {
			isa = XCBuildConfiguration;
			buildSettings = {
				ASSETCATALOG_COMPILER_APPICON_NAME = AppIcon;
				ASSETCATALOG_COMPILER_LAUNCHIMAGE_NAME = LaunchImage;
				GCC_PRECOMPILE_PREFIX_HEADER = YES;
				GCC_PREFIX_HEADER = "PresentAPIClient/PresentAPIClient-Prefix.pch";
				INFOPLIST_FILE = "PresentAPIClient/PresentAPIClient-Info.plist";
				PRODUCT_NAME = "$(TARGET_NAME)";
				WRAPPER_EXTENSION = app;
			};
			name = Release;
		};
		7CC36BFA193520DC00C63F11 /* Debug */ = {
			isa = XCBuildConfiguration;
			buildSettings = {
				BUNDLE_LOADER = "$(BUILT_PRODUCTS_DIR)/PresentAPIClient.app/PresentAPIClient";
				FRAMEWORK_SEARCH_PATHS = (
					"$(SDKROOT)/Developer/Library/Frameworks",
					"$(inherited)",
					"$(DEVELOPER_FRAMEWORKS_DIR)",
				);
				GCC_PRECOMPILE_PREFIX_HEADER = YES;
				GCC_PREFIX_HEADER = "PresentAPIClient/PresentAPIClient-Prefix.pch";
				GCC_PREPROCESSOR_DEFINITIONS = (
					"DEBUG=1",
					"$(inherited)",
				);
				INFOPLIST_FILE = "PresentAPIClientTests/PresentAPIClientTests-Info.plist";
				PRODUCT_NAME = "$(TARGET_NAME)";
				TEST_HOST = "$(BUNDLE_LOADER)";
				WRAPPER_EXTENSION = xctest;
			};
			name = Debug;
		};
		7CC36BFB193520DC00C63F11 /* Release */ = {
			isa = XCBuildConfiguration;
			buildSettings = {
				BUNDLE_LOADER = "$(BUILT_PRODUCTS_DIR)/PresentAPIClient.app/PresentAPIClient";
				FRAMEWORK_SEARCH_PATHS = (
					"$(SDKROOT)/Developer/Library/Frameworks",
					"$(inherited)",
					"$(DEVELOPER_FRAMEWORKS_DIR)",
				);
				GCC_PRECOMPILE_PREFIX_HEADER = YES;
				GCC_PREFIX_HEADER = "PresentAPIClient/PresentAPIClient-Prefix.pch";
				INFOPLIST_FILE = "PresentAPIClientTests/PresentAPIClientTests-Info.plist";
				PRODUCT_NAME = "$(TARGET_NAME)";
				TEST_HOST = "$(BUNDLE_LOADER)";
				WRAPPER_EXTENSION = xctest;
			};
			name = Release;
		};
/* End XCBuildConfiguration section */

/* Begin XCConfigurationList section */
		7CC36BC5193520DB00C63F11 /* Build configuration list for PBXProject "PresentAPIClient" */ = {
			isa = XCConfigurationList;
			buildConfigurations = (
				7CC36BF4193520DC00C63F11 /* Debug */,
				7CC36BF5193520DC00C63F11 /* Release */,
			);
			defaultConfigurationIsVisible = 0;
			defaultConfigurationName = Release;
		};
		7CC36BF6193520DC00C63F11 /* Build configuration list for PBXNativeTarget "PresentAPIClient" */ = {
			isa = XCConfigurationList;
			buildConfigurations = (
				7CC36BF7193520DC00C63F11 /* Debug */,
				7CC36BF8193520DC00C63F11 /* Release */,
			);
			defaultConfigurationIsVisible = 0;
		};
		7CC36BF9193520DC00C63F11 /* Build configuration list for PBXNativeTarget "PresentAPIClientTests" */ = {
			isa = XCConfigurationList;
			buildConfigurations = (
				7CC36BFA193520DC00C63F11 /* Debug */,
				7CC36BFB193520DC00C63F11 /* Release */,
			);
			defaultConfigurationIsVisible = 0;
		};
/* End XCConfigurationList section */
	};
	rootObject = 7CC36BC2193520DB00C63F11 /* Project object */;
}
